# THIS IS AN AUTOGENERATED FILE. DO NOT EDIT THIS FILE DIRECTLY.
# yarn lockfile v1


"@celo/rainbowkit-celo@^0.2.0":
  version "0.2.0"
  resolved "https://registry.yarnpkg.com/@celo/rainbowkit-celo/-/rainbowkit-celo-0.2.0.tgz#dc99a01561c7a9f530ed8ab776ce2ec923e531b8"
  integrity sha512-XJGkv0ZmXfkhV/zZndst8EW2OtKNRXKeqf75wRgzvoPQeYwouG8dfjYNnBM57o9qQnQ0pDAdfDwTXQaLFp+WlA==
