
Microsoft Visual Studio Solution File, Format Version 12.00
# Visual Studio Version 17
VisualStudioVersion = 17.1.32421.90
MinimumVisualStudioVersion = 10.0.40219.1
Project("{2150E333-8FDC-42A3-9474-1A3956D46DE8}") = "docs", "docs", "{858D21CD-279B-4B67-8821-0A09FA684529}"
	ProjectSection(SolutionItems) = preProject
		README.md = README.md
	EndProjectSection
EndProject
Project("{2150E333-8FDC-42A3-9474-1A3956D46DE8}") = "src", "src", "{B9B7C734-720D-4C09-B451-2F045CCBCF1D}"
EndProject
Project("{2150E333-8FDC-42A3-9474-1A3956D46DE8}") = "0 Utils", "0 Utils", "{9DE8A938-704E-4CCB-9A4A-1DDB1F26757B}"
EndProject
Project("{2150E333-8FDC-42A3-9474-1A3956D46DE8}") = "1 Core", "1 Core", "{A1433BE4-3E1A-49D7-82A5-8D9A1E0D3663}"
EndProject
Project("{2150E333-8FDC-42A3-9474-1A3956D46DE8}") = "Domain", "Domain", "{07015D81-4E93-46A7-97D4-5C6E0C8ED49D}"
EndProject
Project("{2150E333-8FDC-42A3-9474-1A3956D46DE8}") = "2 Infrastructure Interfaces", "2 Infrastructure Interfaces", "{97ED925C-D911-4234-AC45-098A34C70474}"
EndProject
Project("{2150E333-8FDC-42A3-9474-1A3956D46DE8}") = "Data Access", "Data Access", "{A7E5AD62-C771-4563-B50B-8FD8E2308600}"
EndProject
Project("{2150E333-8FDC-42A3-9474-1A3956D46DE8}") = "Infrastructure Services", "Infrastructure Services", "{ACD5FFBB-1575-402F-9E69-CB2D8D64F40C}"
EndProject
Project("{2150E333-8FDC-42A3-9474-1A3956D46DE8}") = "Blockchain APIs", "Blockchain APIs", "{5961379E-46E1-4321-82FA-A399DAD08E93}"
EndProject
Project("{2150E333-8FDC-42A3-9474-1A3956D46DE8}") = "Celo", "Celo", "{21591FD7-DE27-48DF-B588-720AA0FF2B5E}"
EndProject
Project("{2150E333-8FDC-42A3-9474-1A3956D46DE8}") = "3 Application Services Interfaces", "3 Application Services Interfaces", "{B7595ACA-2A90-4C1B-8914-35F9AEF1C10F}"
EndProject
Project("{2150E333-8FDC-42A3-9474-1A3956D46DE8}") = "4 Application Services Implementation", "4 Application Services Implementation", "{CE0F2F76-1A7E-48EF-8D01-5E2820AD007B}"
EndProject
Project("{2150E333-8FDC-42A3-9474-1A3956D46DE8}") = "5 Use Cases", "5 Use Cases", "{8B1DC03C-35C8-4697-A67A-9D348E2AFE93}"
EndProject
Project("{2150E333-8FDC-42A3-9474-1A3956D46DE8}") = "6 Infrastructure Implementation", "6 Infrastructure Implementation", "{F4A6EF1D-1874-468A-9EE1-41D138170E81}"
EndProject
Project("{2150E333-8FDC-42A3-9474-1A3956D46DE8}") = "Data Access", "Data Access", "{0B6BDEB6-ADBB-4665-B1C2-A14FB1574C8A}"
EndProject
Project("{2150E333-8FDC-42A3-9474-1A3956D46DE8}") = "Infrastructure Services", "Infrastructure Services", "{4EB2F7E4-149A-430A-BDDB-F8A726A4918C}"
EndProject
Project("{2150E333-8FDC-42A3-9474-1A3956D46DE8}") = "Blockchain APIs", "Blockchain APIs", "{B688E56F-7F9D-46BE-BAFC-1790DA49D2FE}"
EndProject
Project("{2150E333-8FDC-42A3-9474-1A3956D46DE8}") = "Celo", "Celo", "{245F622C-F35F-4777-A951-D79597A74831}"
EndProject
Project("{2150E333-8FDC-42A3-9474-1A3956D46DE8}") = "7 Api", "7 Api", "{EA229F59-5C5B-4FBD-8581-38CC56002ACF}"
EndProject
Project("{2150E333-8FDC-42A3-9474-1A3956D46DE8}") = "Blockchains", "Blockchains", "{3E32B278-F679-42C0-99A5-45566211006D}"
EndProject
Project("{2150E333-8FDC-42A3-9474-1A3956D46DE8}") = "Celo", "Celo", "{17A96D3B-1BE3-4818-A1D3-825E5AF9BF17}"
EndProject
Project("{2150E333-8FDC-42A3-9474-1A3956D46DE8}") = "8 Host", "8 Host", "{7928A626-FC8E-4571-BF3E-3C3A6C692D5C}"
EndProject
Project("{2150E333-8FDC-42A3-9474-1A3956D46DE8}") = "Client", "Client", "{C478A66F-F96B-4DF4-9EC6-A0324E3AD499}"
EndProject
Project("{2150E333-8FDC-42A3-9474-1A3956D46DE8}") = "Celo", "Celo", "{6E4A01D0-E967-4D29-AAAA-7F4E1A6D36D2}"
EndProject
Project("{2150E333-8FDC-42A3-9474-1A3956D46DE8}") = "Server", "Server", "{6891AFFC-427D-4013-BF1B-606EF6F12908}"
EndProject
Project("{9A19103F-16F7-4668-BE54-9A1E7A4F7556}") = "Nomis.Utils", "src\Nomis.Utils\Nomis.Utils.csproj", "{D3188B2D-63B4-4C21-9B72-5E2D766E62D3}"
EndProject
Project("{9A19103F-16F7-4668-BE54-9A1E7A4F7556}") = "Nomis.Celoscan.Interfaces", "src\Nomis.Celoscan.Interfaces\Nomis.Celoscan.Interfaces.csproj", "{EF595EA8-9B82-4A5D-97A6-B036BEBE73B8}"
EndProject
Project("{9A19103F-16F7-4668-BE54-9A1E7A4F7556}") = "Nomis.Blockchain.Abstractions", "src\Nomis.Blockchain.Abstractions\Nomis.Blockchain.Abstractions.csproj", "{590D536E-B22B-42DF-B569-83F95A344600}"
EndProject
Project("{FAE04EC0-301F-11D3-BF4B-00C04F79EFBC}") = "Nomis.Celoscan", "src\Nomis.Celoscan\Nomis.Celoscan.csproj", "{A730C128-D8D0-4E86-A565-4CB0D5A61A28}"
EndProject
Global
	GlobalSection(SolutionConfigurationPlatforms) = preSolution
		Debug|Any CPU = Debug|Any CPU
		Release|Any CPU = Release|Any CPU
	EndGlobalSection
	GlobalSection(ProjectConfigurationPlatforms) = postSolution
		{D3188B2D-63B4-4C21-9B72-5E2D766E62D3}.Debug|Any CPU.ActiveCfg = Debug|Any CPU
		{D3188B2D-63B4-4C21-9B72-5E2D766E62D3}.Debug|Any CPU.Build.0 = Debug|Any CPU
		{D3188B2D-63B4-4C21-9B72-5E2D766E62D3}.Release|Any CPU.ActiveCfg = Release|Any CPU
		{D3188B2D-63B4-4C21-9B72-5E2D766E62D3}.Release|Any CPU.Build.0 = Release|Any CPU
		{EF595EA8-9B82-4A5D-97A6-B036BEBE73B8}.Debug|Any CPU.ActiveCfg = Debug|Any CPU
		{EF595EA8-9B82-4A5D-97A6-B036BEBE73B8}.Debug|Any CPU.Build.0 = Debug|Any CPU
		{EF595EA8-9B82-4A5D-97A6-B036BEBE73B8}.Release|Any CPU.ActiveCfg = Release|Any CPU
		{EF595EA8-9B82-4A5D-97A6-B036BEBE73B8}.Release|Any CPU.Build.0 = Release|Any CPU
		{590D536E-B22B-42DF-B569-83F95A344600}.Debug|Any CPU.ActiveCfg = Debug|Any CPU
		{590D536E-B22B-42DF-B569-83F95A344600}.Debug|Any CPU.Build.0 = Debug|Any CPU
		{590D536E-B22B-42DF-B569-83F95A344600}.Release|Any CPU.ActiveCfg = Release|Any CPU
		{590D536E-B22B-42DF-B569-83F95A344600}.Release|Any CPU.Build.0 = Release|Any CPU
		{A730C128-D8D0-4E86-A565-4CB0D5A61A28}.Debug|Any CPU.ActiveCfg = Debug|Any CPU
		{A730C128-D8D0-4E86-A565-4CB0D5A61A28}.Debug|Any CPU.Build.0 = Debug|Any CPU
		{A730C128-D8D0-4E86-A565-4CB0D5A61A28}.Release|Any CPU.ActiveCfg = Release|Any CPU
		{A730C128-D8D0-4E86-A565-4CB0D5A61A28}.Release|Any CPU.Build.0 = Release|Any CPU
	EndGlobalSection
	GlobalSection(SolutionProperties) = preSolution
		HideSolutionNode = FALSE
	EndGlobalSection
	GlobalSection(NestedProjects) = preSolution
		{9DE8A938-704E-4CCB-9A4A-1DDB1F26757B} = {B9B7C734-720D-4C09-B451-2F045CCBCF1D}
		{A1433BE4-3E1A-49D7-82A5-8D9A1E0D3663} = {B9B7C734-720D-4C09-B451-2F045CCBCF1D}
		{07015D81-4E93-46A7-97D4-5C6E0C8ED49D} = {A1433BE4-3E1A-49D7-82A5-8D9A1E0D3663}
		{97ED925C-D911-4234-AC45-098A34C70474} = {B9B7C734-720D-4C09-B451-2F045CCBCF1D}
		{A7E5AD62-C771-4563-B50B-8FD8E2308600} = {97ED925C-D911-4234-AC45-098A34C70474}
		{ACD5FFBB-1575-402F-9E69-CB2D8D64F40C} = {97ED925C-D911-4234-AC45-098A34C70474}
		{5961379E-46E1-4321-82FA-A399DAD08E93} = {ACD5FFBB-1575-402F-9E69-CB2D8D64F40C}
		{21591FD7-DE27-48DF-B588-720AA0FF2B5E} = {5961379E-46E1-4321-82FA-A399DAD08E93}
		{B7595ACA-2A90-4C1B-8914-35F9AEF1C10F} = {B9B7C734-720D-4C09-B451-2F045CCBCF1D}
		{CE0F2F76-1A7E-48EF-8D01-5E2820AD007B} = {B9B7C734-720D-4C09-B451-2F045CCBCF1D}
		{8B1DC03C-35C8-4697-A67A-9D348E2AFE93} = {B9B7C734-720D-4C09-B451-2F045CCBCF1D}
		{F4A6EF1D-1874-468A-9EE1-41D138170E81} = {B9B7C734-720D-4C09-B451-2F045CCBCF1D}
		{0B6BDEB6-ADBB-4665-B1C2-A14FB1574C8A} = {F4A6EF1D-1874-468A-9EE1-41D138170E81}
		{4EB2F7E4-149A-430A-BDDB-F8A726A4918C} = {F4A6EF1D-1874-468A-9EE1-41D138170E81}
		{B688E56F-7F9D-46BE-BAFC-1790DA49D2FE} = {4EB2F7E4-149A-430A-BDDB-F8A726A4918C}
		{245F622C-F35F-4777-A951-D79597A74831} = {B688E56F-7F9D-46BE-BAFC-1790DA49D2FE}
		{EA229F59-5C5B-4FBD-8581-38CC56002ACF} = {B9B7C734-720D-4C09-B451-2F045CCBCF1D}
		{3E32B278-F679-42C0-99A5-45566211006D} = {EA229F59-5C5B-4FBD-8581-38CC56002ACF}
		{17A96D3B-1BE3-4818-A1D3-825E5AF9BF17} = {3E32B278-F679-42C0-99A5-45566211006D}
		{7928A626-FC8E-4571-BF3E-3C3A6C692D5C} = {B9B7C734-720D-4C09-B451-2F045CCBCF1D}
		{C478A66F-F96B-4DF4-9EC6-A0324E3AD499} = {7928A626-FC8E-4571-BF3E-3C3A6C692D5C}
		{6E4A01D0-E967-4D29-AAAA-7F4E1A6D36D2} = {C478A66F-F96B-4DF4-9EC6-A0324E3AD499}
		{6891AFFC-427D-4013-BF1B-606EF6F12908} = {7928A626-FC8E-4571-BF3E-3C3A6C692D5C}
		{D3188B2D-63B4-4C21-9B72-5E2D766E62D3} = {9DE8A938-704E-4CCB-9A4A-1DDB1F26757B}
		{EF595EA8-9B82-4A5D-97A6-B036BEBE73B8} = {21591FD7-DE27-48DF-B588-720AA0FF2B5E}
		{590D536E-B22B-42DF-B569-83F95A344600} = {5961379E-46E1-4321-82FA-A399DAD08E93}
		{A730C128-D8D0-4E86-A565-4CB0D5A61A28} = {245F622C-F35F-4777-A951-D79597A74831}
	EndGlobalSection
	GlobalSection(ExtensibilityGlobals) = postSolution
		SolutionGuid = {A242BD00-A0A0-4259-8324-37DB6A09C076}
	EndGlobalSection
EndGlobal
