# THIS IS AN AUTOGENERATED FILE. DO NOT EDIT THIS FILE DIRECTLY.
# yarn lockfile v1


"@nomicfoundation/hardhat-toolbox@^1.0.2":
  version "1.0.2"
  resolved "https://registry.yarnpkg.com/@nomicfoundation/hardhat-toolbox/-/hardhat-toolbox-1.0.2.tgz#342b79e19c456a56d8e76bc2e9cc8474cbcfc774"
  integrity sha512-8CEgWSKUK2aMit+76Sez8n7UB0Ze1lwT+LcWxj4EFP30lQWOwOws048t6MTPfThH0BlSWjC6hJRr0LncIkc1Sw==

"@openzeppelin/contracts@^4.7.3":
  version "4.7.3"
  resolved "https://registry.yarnpkg.com/@openzeppelin/contracts/-/contracts-4.7.3.tgz#939534757a81f8d69cc854c7692805684ff3111e"
  integrity sha512-dGRS0agJzu8ybo44pCIf3xBaPQN/65AIXNgK8+4gzKd5kbvlqyxryUYVLJv7fK98Seyd2hDZzVEHSWAh0Bt1Yw==

base-64@^1.0.0:
  version "1.0.0"
  resolved "https://registry.yarnpkg.com/base-64/-/base-64-1.0.0.tgz#09d0f2084e32a3fd08c2475b973788eee6ae8f4a"
  integrity sha512-kwDPIFCGx0NZHog36dj+tHiwP4QMzsZ3AgMViUBKI0+V5n4U0ufTCUMhnQ04diaRI8EX/QcPfql7zlhZ7j4zgg==

hardhat-celo@^0.0.3:
  version "0.0.3"
  resolved "https://registry.yarnpkg.com/hardhat-celo/-/hardhat-celo-0.0.3.tgz#c7f94cbebb5973b50ca7a6ef134a0a6c06b386ea"
  integrity sha512-H272oq0ltG0oBKCdiKuFzvt+KPzE0XPLvtoQ3ko3U2BPLAZc8eljovsyrmUowHYDbtY8Lwsnt1Jy6bstGKSyOA==
  dependencies:
    "@nomicfoundation/hardhat-toolbox" "^1.0.2"
